// !$*UTF8*$!
{
	archiveVersion = 1;
	classes = {
	};
	objectVersion = 46;
	objects = {

/* Begin PBXBuildFile section */
		9F6A2509DB2C471E87AC4049 /* libPods.a in Frameworks */ = {isa = PBXBuildFile; fileRef = 1E90C50E942745E49FD6B798 /* libPods.a */; };
		BD5CCD1F191EBB1A00CD7D3E /* Foundation.framework in Frameworks */ = {isa = PBXBuildFile; fileRef = BD5CCD1E191EBB1A00CD7D3E /* Foundation.framework */; };
		BD5CCD21191EBB1A00CD7D3E /* CoreGraphics.framework in Frameworks */ = {isa = PBXBuildFile; fileRef = BD5CCD20191EBB1A00CD7D3E /* CoreGraphics.framework */; };
		BD5CCD23191EBB1A00CD7D3E /* UIKit.framework in Frameworks */ = {isa = PBXBuildFile; fileRef = BD5CCD22191EBB1A00CD7D3E /* UIKit.framework */; };
		BD5CCD29191EBB1A00CD7D3E /* InfoPlist.strings in Resources */ = {isa = PBXBuildFile; fileRef = BD5CCD27191EBB1A00CD7D3E /* InfoPlist.strings */; };
		BD5CCD2B191EBB1A00CD7D3E /* main.m in Sources */ = {isa = PBXBuildFile; fileRef = BD5CCD2A191EBB1A00CD7D3E /* main.m */; };
		BD5CCD2F191EBB1A00CD7D3E /* CVNAppDelegate.m in Sources */ = {isa = PBXBuildFile; fileRef = BD5CCD2E191EBB1A00CD7D3E /* CVNAppDelegate.m */; };
		BD5CCD32191EBB1A00CD7D3E /* Main.storyboard in Resources */ = {isa = PBXBuildFile; fileRef = BD5CCD30191EBB1A00CD7D3E /* Main.storyboard */; };
		BD5CCD35191EBB1A00CD7D3E /* CVNViewController.m in Sources */ = {isa = PBXBuildFile; fileRef = BD5CCD34191EBB1A00CD7D3E /* CVNViewController.m */; };
		BD5CCD37191EBB1A00CD7D3E /* Images.xcassets in Resources */ = {isa = PBXBuildFile; fileRef = BD5CCD36191EBB1A00CD7D3E /* Images.xcassets */; };
		BD5CCD3E191EBB1A00CD7D3E /* XCTest.framework in Frameworks */ = {isa = PBXBuildFile; fileRef = BD5CCD3D191EBB1A00CD7D3E /* XCTest.framework */; };
		BD5CCD3F191EBB1A00CD7D3E /* Foundation.framework in Frameworks */ = {isa = PBXBuildFile; fileRef = BD5CCD1E191EBB1A00CD7D3E /* Foundation.framework */; };
		BD5CCD40191EBB1A00CD7D3E /* UIKit.framework in Frameworks */ = {isa = PBXBuildFile; fileRef = BD5CCD22191EBB1A00CD7D3E /* UIKit.framework */; };
		BD5CCD48191EBB1A00CD7D3E /* InfoPlist.strings in Resources */ = {isa = PBXBuildFile; fileRef = BD5CCD46191EBB1A00CD7D3E /* InfoPlist.strings */; };
		BD5CCD4A191EBB1A00CD7D3E /* CVNKenBurnsImageViewDemoTests.m in Sources */ = {isa = PBXBuildFile; fileRef = BD5CCD49191EBB1A00CD7D3E /* CVNKenBurnsImageViewDemoTests.m */; };
		BD5CCD601925E54500CD7D3E /* CVNKenBurnsImageViewTests.m in Sources */ = {isa = PBXBuildFile; fileRef = BD5CCD5F1925E54500CD7D3E /* CVNKenBurnsImageViewTests.m */; };
		BD5CCD621925E94C00CD7D3E /* libPods.a in Frameworks */ = {isa = PBXBuildFile; fileRef = BD5CCD611925E94C00CD7D3E /* libPods.a */; };
/* End PBXBuildFile section */

/* Begin PBXContainerItemProxy section */
		BD5CCD41191EBB1A00CD7D3E /* PBXContainerItemProxy */ = {
			isa = PBXContainerItemProxy;
			containerPortal = BD5CCD13191EBB1900CD7D3E /* Project object */;
			proxyType = 1;
			remoteGlobalIDString = BD5CCD1A191EBB1900CD7D3E;
			remoteInfo = CVNKenBurnsImageViewDemo;
		};
/* End PBXContainerItemProxy section */

/* Begin PBXFileReference section */
		1E90C50E942745E49FD6B798 /* libPods.a */ = {isa = PBXFileReference; explicitFileType = archive.ar; includeInIndex = 0; path = libPods.a; sourceTree = BUILT_PRODUCTS_DIR; };
		BD5CCD1B191EBB1900CD7D3E /* CVNKenBurnsImageViewDemo.app */ = {isa = PBXFileReference; explicitFileType = wrapper.application; includeInIndex = 0; path = CVNKenBurnsImageViewDemo.app; sourceTree = BUILT_PRODUCTS_DIR; };
		BD5CCD1E191EBB1A00CD7D3E /* Foundation.framework */ = {isa = PBXFileReference; lastKnownFileType = wrapper.framework; name = Foundation.framework; path = System/Library/Frameworks/Foundation.framework; sourceTree = SDKROOT; };
		BD5CCD20191EBB1A00CD7D3E /* CoreGraphics.framework */ = {isa = PBXFileReference; lastKnownFileType = wrapper.framework; name = CoreGraphics.framework; path = System/Library/Frameworks/CoreGraphics.framework; sourceTree = SDKROOT; };
		BD5CCD22191EBB1A00CD7D3E /* UIKit.framework */ = {isa = PBXFileReference; lastKnownFileType = wrapper.framework; name = UIKit.framework; path = System/Library/Frameworks/UIKit.framework; sourceTree = SDKROOT; };
		BD5CCD26191EBB1A00CD7D3E /* CVNKenBurnsImageViewDemo-Info.plist */ = {isa = PBXFileReference; lastKnownFileType = text.plist.xml; path = "CVNKenBurnsImageViewDemo-Info.plist"; sourceTree = "<group>"; };
		BD5CCD28191EBB1A00CD7D3E /* en */ = {isa = PBXFileReference; lastKnownFileType = text.plist.strings; name = en; path = en.lproj/InfoPlist.strings; sourceTree = "<group>"; };
		BD5CCD2A191EBB1A00CD7D3E /* main.m */ = {isa = PBXFileReference; lastKnownFileType = sourcecode.c.objc; path = main.m; sourceTree = "<group>"; };
		BD5CCD2C191EBB1A00CD7D3E /* CVNKenBurnsImageViewDemo-Prefix.pch */ = {isa = PBXFileReference; lastKnownFileType = sourcecode.c.h; path = "CVNKenBurnsImageViewDemo-Prefix.pch"; sourceTree = "<group>"; };
		BD5CCD2D191EBB1A00CD7D3E /* CVNAppDelegate.h */ = {isa = PBXFileReference; lastKnownFileType = sourcecode.c.h; path = CVNAppDelegate.h; sourceTree = "<group>"; };
		BD5CCD2E191EBB1A00CD7D3E /* CVNAppDelegate.m */ = {isa = PBXFileReference; lastKnownFileType = sourcecode.c.objc; path = CVNAppDelegate.m; sourceTree = "<group>"; };
		BD5CCD31191EBB1A00CD7D3E /* Base */ = {isa = PBXFileReference; lastKnownFileType = file.storyboard; name = Base; path = Base.lproj/Main.storyboard; sourceTree = "<group>"; };
		BD5CCD33191EBB1A00CD7D3E /* CVNViewController.h */ = {isa = PBXFileReference; lastKnownFileType = sourcecode.c.h; path = CVNViewController.h; sourceTree = "<group>"; };
		BD5CCD34191EBB1A00CD7D3E /* CVNViewController.m */ = {isa = PBXFileReference; lastKnownFileType = sourcecode.c.objc; path = CVNViewController.m; sourceTree = "<group>"; };
		BD5CCD36191EBB1A00CD7D3E /* Images.xcassets */ = {isa = PBXFileReference; lastKnownFileType = folder.assetcatalog; path = Images.xcassets; sourceTree = "<group>"; };
		BD5CCD3C191EBB1A00CD7D3E /* CVNKenBurnsImageViewDemoTests.xctest */ = {isa = PBXFileReference; explicitFileType = wrapper.cfbundle; includeInIndex = 0; path = CVNKenBurnsImageViewDemoTests.xctest; sourceTree = BUILT_PRODUCTS_DIR; };
		BD5CCD3D191EBB1A00CD7D3E /* XCTest.framework */ = {isa = PBXFileReference; lastKnownFileType = wrapper.framework; name = XCTest.framework; path = Library/Frameworks/XCTest.framework; sourceTree = DEVELOPER_DIR; };
		BD5CCD45191EBB1A00CD7D3E /* CVNKenBurnsImageViewDemoTests-Info.plist */ = {isa = PBXFileReference; lastKnownFileType = text.plist.xml; path = "CVNKenBurnsImageViewDemoTests-Info.plist"; sourceTree = "<group>"; };
		BD5CCD47191EBB1A00CD7D3E /* en */ = {isa = PBXFileReference; lastKnownFileType = text.plist.strings; name = en; path = en.lproj/InfoPlist.strings; sourceTree = "<group>"; };
		BD5CCD49191EBB1A00CD7D3E /* CVNKenBurnsImageViewDemoTests.m */ = {isa = PBXFileReference; lastKnownFileType = sourcecode.c.objc; path = CVNKenBurnsImageViewDemoTests.m; sourceTree = "<group>"; };
		BD5CCD5F1925E54500CD7D3E /* CVNKenBurnsImageViewTests.m */ = {isa = PBXFileReference; fileEncoding = 4; lastKnownFileType = sourcecode.c.objc; path = CVNKenBurnsImageViewTests.m; sourceTree = "<group>"; };
		BD5CCD611925E94C00CD7D3E /* libPods.a */ = {isa = PBXFileReference; lastKnownFileType = archive.ar; name = libPods.a; path = "Pods/build/Debug-iphoneos/libPods.a"; sourceTree = "<group>"; };
		BD5CCD631925E95300CD7D3E /* libPods-Expecta.a */ = {isa = PBXFileReference; lastKnownFileType = archive.ar; name = "libPods-Expecta.a"; path = "Pods/build/Debug-iphoneos/libPods-Expecta.a"; sourceTree = "<group>"; };
		BD5CCD651925E95A00CD7D3E /* libPods-CVNKenBurnsImageView.a */ = {isa = PBXFileReference; lastKnownFileType = archive.ar; name = "libPods-CVNKenBurnsImageView.a"; path = "Pods/build/Debug-iphoneos/libPods-CVNKenBurnsImageView.a"; sourceTree = "<group>"; };
		FDC1EADB2C4B4368A4896EE9 /* Pods.xcconfig */ = {isa = PBXFileReference; includeInIndex = 1; lastKnownFileType = text.xcconfig; name = Pods.xcconfig; path = Pods/Pods.xcconfig; sourceTree = "<group>"; };
/* End PBXFileReference section */

/* Begin PBXFrameworksBuildPhase section */
		BD5CCD18191EBB1900CD7D3E /* Frameworks */ = {
			isa = PBXFrameworksBuildPhase;
			buildActionMask = 2147483647;
			files = (
				BD5CCD21191EBB1A00CD7D3E /* CoreGraphics.framework in Frameworks */,
				BD5CCD23191EBB1A00CD7D3E /* UIKit.framework in Frameworks */,
				BD5CCD1F191EBB1A00CD7D3E /* Foundation.framework in Frameworks */,
				9F6A2509DB2C471E87AC4049 /* libPods.a in Frameworks */,
			);
			runOnlyForDeploymentPostprocessing = 0;
		};
		BD5CCD39191EBB1A00CD7D3E /* Frameworks */ = {
			isa = PBXFrameworksBuildPhase;
			buildActionMask = 2147483647;
			files = (
				BD5CCD621925E94C00CD7D3E /* libPods.a in Frameworks */,
				BD5CCD3E191EBB1A00CD7D3E /* XCTest.framework in Frameworks */,
				BD5CCD40191EBB1A00CD7D3E /* UIKit.framework in Frameworks */,
				BD5CCD3F191EBB1A00CD7D3E /* Foundation.framework in Frameworks */,
			);
			runOnlyForDeploymentPostprocessing = 0;
		};
/* End PBXFrameworksBuildPhase section */

/* Begin PBXGroup section */
		BD5CCD12191EBB1900CD7D3E = {
			isa = PBXGroup;
			children = (
				BD5CCD24191EBB1A00CD7D3E /* CVNKenBurnsImageViewDemo */,
				BD5CCD43191EBB1A00CD7D3E /* CVNKenBurnsImageViewDemoTests */,
				BD5CCD1D191EBB1A00CD7D3E /* Frameworks */,
				BD5CCD1C191EBB1900CD7D3E /* Products */,
				FDC1EADB2C4B4368A4896EE9 /* Pods.xcconfig */,
			);
			sourceTree = "<group>";
		};
		BD5CCD1C191EBB1900CD7D3E /* Products */ = {
			isa = PBXGroup;
			children = (
				BD5CCD1B191EBB1900CD7D3E /* CVNKenBurnsImageViewDemo.app */,
				BD5CCD3C191EBB1A00CD7D3E /* CVNKenBurnsImageViewDemoTests.xctest */,
			);
			name = Products;
			sourceTree = "<group>";
		};
		BD5CCD1D191EBB1A00CD7D3E /* Frameworks */ = {
			isa = PBXGroup;
			children = (
				BD5CCD651925E95A00CD7D3E /* libPods-CVNKenBurnsImageView.a */,
				BD5CCD631925E95300CD7D3E /* libPods-Expecta.a */,
				BD5CCD611925E94C00CD7D3E /* libPods.a */,
				BD5CCD1E191EBB1A00CD7D3E /* Foundation.framework */,
				BD5CCD20191EBB1A00CD7D3E /* CoreGraphics.framework */,
				BD5CCD22191EBB1A00CD7D3E /* UIKit.framework */,
				BD5CCD3D191EBB1A00CD7D3E /* XCTest.framework */,
				1E90C50E942745E49FD6B798 /* libPods.a */,
			);
			name = Frameworks;
			sourceTree = "<group>";
		};
		BD5CCD24191EBB1A00CD7D3E /* CVNKenBurnsImageViewDemo */ = {
			isa = PBXGroup;
			children = (
				BD5CCD2D191EBB1A00CD7D3E /* CVNAppDelegate.h */,
				BD5CCD2E191EBB1A00CD7D3E /* CVNAppDelegate.m */,
				BD5CCD30191EBB1A00CD7D3E /* Main.storyboard */,
				BD5CCD33191EBB1A00CD7D3E /* CVNViewController.h */,
				BD5CCD34191EBB1A00CD7D3E /* CVNViewController.m */,
				BD5CCD36191EBB1A00CD7D3E /* Images.xcassets */,
				BD5CCD25191EBB1A00CD7D3E /* Supporting Files */,
			);
			path = CVNKenBurnsImageViewDemo;
			sourceTree = "<group>";
		};
		BD5CCD25191EBB1A00CD7D3E /* Supporting Files */ = {
			isa = PBXGroup;
			children = (
				BD5CCD26191EBB1A00CD7D3E /* CVNKenBurnsImageViewDemo-Info.plist */,
				BD5CCD27191EBB1A00CD7D3E /* InfoPlist.strings */,
				BD5CCD2A191EBB1A00CD7D3E /* main.m */,
				BD5CCD2C191EBB1A00CD7D3E /* CVNKenBurnsImageViewDemo-Prefix.pch */,
			);
			name = "Supporting Files";
			sourceTree = "<group>";
		};
		BD5CCD43191EBB1A00CD7D3E /* CVNKenBurnsImageViewDemoTests */ = {
			isa = PBXGroup;
			children = (
				BD5CCD49191EBB1A00CD7D3E /* CVNKenBurnsImageViewDemoTests.m */,
				BD5CCD44191EBB1A00CD7D3E /* Supporting Files */,
				BD5CCD5F1925E54500CD7D3E /* CVNKenBurnsImageViewTests.m */,
			);
			path = CVNKenBurnsImageViewDemoTests;
			sourceTree = "<group>";
		};
		BD5CCD44191EBB1A00CD7D3E /* Supporting Files */ = {
			isa = PBXGroup;
			children = (
				BD5CCD45191EBB1A00CD7D3E /* CVNKenBurnsImageViewDemoTests-Info.plist */,
				BD5CCD46191EBB1A00CD7D3E /* InfoPlist.strings */,
			);
			name = "Supporting Files";
			sourceTree = "<group>";
		};
/* End PBXGroup section */

/* Begin PBXNativeTarget section */
		BD5CCD1A191EBB1900CD7D3E /* CVNKenBurnsImageViewDemo */ = {
			isa = PBXNativeTarget;
			buildConfigurationList = BD5CCD4D191EBB1A00CD7D3E /* Build configuration list for PBXNativeTarget "CVNKenBurnsImageViewDemo" */;
			buildPhases = (
				61BBE0BD3A1745F0BD1DFEEC /* Check Pods Manifest.lock */,
				BD5CCD17191EBB1900CD7D3E /* Sources */,
				BD5CCD18191EBB1900CD7D3E /* Frameworks */,
				BD5CCD19191EBB1900CD7D3E /* Resources */,
				09A678CD54DC4E6ABAC00EFE /* Copy Pods Resources */,
			);
			buildRules = (
			);
			dependencies = (
			);
			name = CVNKenBurnsImageViewDemo;
			productName = CVNKenBurnsImageViewDemo;
			productReference = BD5CCD1B191EBB1900CD7D3E /* CVNKenBurnsImageViewDemo.app */;
			productType = "com.apple.product-type.application";
		};
		BD5CCD3B191EBB1A00CD7D3E /* CVNKenBurnsImageViewDemoTests */ = {
			isa = PBXNativeTarget;
			buildConfigurationList = BD5CCD50191EBB1A00CD7D3E /* Build configuration list for PBXNativeTarget "CVNKenBurnsImageViewDemoTests" */;
			buildPhases = (
				BD5CCD38191EBB1A00CD7D3E /* Sources */,
				BD5CCD39191EBB1A00CD7D3E /* Frameworks */,
				BD5CCD3A191EBB1A00CD7D3E /* Resources */,
			);
			buildRules = (
			);
			dependencies = (
				BD5CCD42191EBB1A00CD7D3E /* PBXTargetDependency */,
			);
			name = CVNKenBurnsImageViewDemoTests;
			productName = CVNKenBurnsImageViewDemoTests;
			productReference = BD5CCD3C191EBB1A00CD7D3E /* CVNKenBurnsImageViewDemoTests.xctest */;
			productType = "com.apple.product-type.bundle.unit-test";
		};
/* End PBXNativeTarget section */

/* Begin PBXProject section */
		BD5CCD13191EBB1900CD7D3E /* Project object */ = {
			isa = PBXProject;
			attributes = {
				CLASSPREFIX = CVN;
				LastUpgradeCheck = 0510;
				ORGANIZATIONNAME = CodingVentures;
				TargetAttributes = {
					BD5CCD3B191EBB1A00CD7D3E = {
						TestTargetID = BD5CCD1A191EBB1900CD7D3E;
					};
				};
			};
			buildConfigurationList = BD5CCD16191EBB1900CD7D3E /* Build configuration list for PBXProject "CVNKenBurnsImageViewDemo" */;
			compatibilityVersion = "Xcode 3.2";
			developmentRegion = English;
			hasScannedForEncodings = 0;
			knownRegions = (
				en,
				Base,
			);
			mainGroup = BD5CCD12191EBB1900CD7D3E;
			productRefGroup = BD5CCD1C191EBB1900CD7D3E /* Products */;
			projectDirPath = "";
			projectRoot = "";
			targets = (
				BD5CCD1A191EBB1900CD7D3E /* CVNKenBurnsImageViewDemo */,
				BD5CCD3B191EBB1A00CD7D3E /* CVNKenBurnsImageViewDemoTests */,
			);
		};
/* End PBXProject section */

/* Begin PBXResourcesBuildPhase section */
		BD5CCD19191EBB1900CD7D3E /* Resources */ = {
			isa = PBXResourcesBuildPhase;
			buildActionMask = 2147483647;
			files = (
				BD5CCD37191EBB1A00CD7D3E /* Images.xcassets in Resources */,
				BD5CCD29191EBB1A00CD7D3E /* InfoPlist.strings in Resources */,
				BD5CCD32191EBB1A00CD7D3E /* Main.storyboard in Resources */,
			);
			runOnlyForDeploymentPostprocessing = 0;
		};
		BD5CCD3A191EBB1A00CD7D3E /* Resources */ = {
			isa = PBXResourcesBuildPhase;
			buildActionMask = 2147483647;
			files = (
				BD5CCD48191EBB1A00CD7D3E /* InfoPlist.strings in Resources */,
			);
			runOnlyForDeploymentPostprocessing = 0;
		};
/* End PBXResourcesBuildPhase section */

/* Begin PBXShellScriptBuildPhase section */
		09A678CD54DC4E6ABAC00EFE /* Copy Pods Resources */ = {
			isa = PBXShellScriptBuildPhase;
			buildActionMask = 2147483647;
			files = (
			);
			inputPaths = (
			);
			name = "Copy Pods Resources";
			outputPaths = (
			);
			runOnlyForDeploymentPostprocessing = 0;
			shellPath = /bin/sh;
			shellScript = "\"${SRCROOT}/Pods/Pods-resources.sh\"\n";
			showEnvVarsInLog = 0;
		};
		61BBE0BD3A1745F0BD1DFEEC /* Check Pods Manifest.lock */ = {
			isa = PBXShellScriptBuildPhase;
			buildActionMask = 2147483647;
			files = (
			);
			inputPaths = (
			);
			name = "Check Pods Manifest.lock";
			outputPaths = (
			);
			runOnlyForDeploymentPostprocessing = 0;
			shellPath = /bin/sh;
			shellScript = "diff \"${PODS_ROOT}/../Podfile.lock\" \"${PODS_ROOT}/Manifest.lock\" > /dev/null\nif [[ $? != 0 ]] ; then\n    cat << EOM\nerror: The sandbox is not in sync with the Podfile.lock. Run 'pod install' or update your CocoaPods installation.\nEOM\n    exit 1\nfi\n";
			showEnvVarsInLog = 0;
		};
/* End PBXShellScriptBuildPhase section */

/* Begin PBXSourcesBuildPhase section */
		BD5CCD17191EBB1900CD7D3E /* Sources */ = {
			isa = PBXSourcesBuildPhase;
			buildActionMask = 2147483647;
			files = (
				BD5CCD2F191EBB1A00CD7D3E /* CVNAppDelegate.m in Sources */,
				BD5CCD2B191EBB1A00CD7D3E /* main.m in Sources */,
				BD5CCD35191EBB1A00CD7D3E /* CVNViewController.m in Sources */,
			);
			runOnlyForDeploymentPostprocessing = 0;
		};
		BD5CCD38191EBB1A00CD7D3E /* Sources */ = {
			isa = PBXSourcesBuildPhase;
			buildActionMask = 2147483647;
			files = (
				BD5CCD601925E54500CD7D3E /* CVNKenBurnsImageViewTests.m in Sources */,
				BD5CCD4A191EBB1A00CD7D3E /* CVNKenBurnsImageViewDemoTests.m in Sources */,
			);
			runOnlyForDeploymentPostprocessing = 0;
		};
/* End PBXSourcesBuildPhase section */

/* Begin PBXTargetDependency section */
		BD5CCD42191EBB1A00CD7D3E /* PBXTargetDependency */ = {
			isa = PBXTargetDependency;
			target = BD5CCD1A191EBB1900CD7D3E /* CVNKenBurnsImageViewDemo */;
			targetProxy = BD5CCD41191EBB1A00CD7D3E /* PBXContainerItemProxy */;
		};
/* End PBXTargetDependency section */

/* Begin PBXVariantGroup section */
		BD5CCD27191EBB1A00CD7D3E /* InfoPlist.strings */ = {
			isa = PBXVariantGroup;
			children = (
				BD5CCD28191EBB1A00CD7D3E /* en */,
			);
			name = InfoPlist.strings;
			sourceTree = "<group>";
		};
		BD5CCD30191EBB1A00CD7D3E /* Main.storyboard */ = {
			isa = PBXVariantGroup;
			children = (
				BD5CCD31191EBB1A00CD7D3E /* Base */,
			);
			name = Main.storyboard;
			sourceTree = "<group>";
		};
		BD5CCD46191EBB1A00CD7D3E /* InfoPlist.strings */ = {
			isa = PBXVariantGroup;
			children = (
				BD5CCD47191EBB1A00CD7D3E /* en */,
			);
			name = InfoPlist.strings;
			sourceTree = "<group>";
		};
/* End PBXVariantGroup section */

/* Begin XCBuildConfiguration section */
		BD5CCD4B191EBB1A00CD7D3E /* Debug */ = {
			isa = XCBuildConfiguration;
			buildSettings = {
				ALWAYS_SEARCH_USER_PATHS = NO;
				CLANG_CXX_LANGUAGE_STANDARD = "gnu++0x";
				CLANG_CXX_LIBRARY = "libc++";
				CLANG_ENABLE_MODULES = YES;
				CLANG_ENABLE_OBJC_ARC = YES;
				CLANG_WARN_BOOL_CONVERSION = YES;
				CLANG_WARN_CONSTANT_CONVERSION = YES;
				CLANG_WARN_DIRECT_OBJC_ISA_USAGE = YES_ERROR;
				CLANG_WARN_EMPTY_BODY = YES;
				CLANG_WARN_ENUM_CONVERSION = YES;
				CLANG_WARN_INT_CONVERSION = YES;
				CLANG_WARN_OBJC_ROOT_CLASS = YES_ERROR;
				CLANG_WARN__DUPLICATE_METHOD_MATCH = YES;
				"CODE_SIGN_IDENTITY[sdk=iphoneos*]" = "iPhone Developer";
				COPY_PHASE_STRIP = NO;
				GCC_C_LANGUAGE_STANDARD = gnu99;
				GCC_DYNAMIC_NO_PIC = NO;
				GCC_OPTIMIZATION_LEVEL = 0;
				GCC_PREPROCESSOR_DEFINITIONS = (
					"DEBUG=1",
					"$(inherited)",
				);
				GCC_SYMBOLS_PRIVATE_EXTERN = NO;
				GCC_WARN_64_TO_32_BIT_CONVERSION = YES;
				GCC_WARN_ABOUT_RETURN_TYPE = YES_ERROR;
				GCC_WARN_UNDECLARED_SELECTOR = YES;
				GCC_WARN_UNINITIALIZED_AUTOS = YES_AGGRESSIVE;
				GCC_WARN_UNUSED_FUNCTION = YES;
				GCC_WARN_UNUSED_VARIABLE = YES;
				IPHONEOS_DEPLOYMENT_TARGET = 7.1;
				ONLY_ACTIVE_ARCH = YES;
				PODS_ROOT = "${SRCROOT}/Pods";
				SDKROOT = iphoneos;
			};
			name = Debug;
		};
		BD5CCD4C191EBB1A00CD7D3E /* Release */ = {
			isa = XCBuildConfiguration;
			buildSettings = {
				ALWAYS_SEARCH_USER_PATHS = NO;
				CLANG_CXX_LANGUAGE_STANDARD = "gnu++0x";
				CLANG_CXX_LIBRARY = "libc++";
				CLANG_ENABLE_MODULES = YES;
				CLANG_ENABLE_OBJC_ARC = YES;
				CLANG_WARN_BOOL_CONVERSION = YES;
				CLANG_WARN_CONSTANT_CONVERSION = YES;
				CLANG_WARN_DIRECT_OBJC_ISA_USAGE = YES_ERROR;
				CLANG_WARN_EMPTY_BODY = YES;
				CLANG_WARN_ENUM_CONVERSION = YES;
				CLANG_WARN_INT_CONVERSION = YES;
				CLANG_WARN_OBJC_ROOT_CLASS = YES_ERROR;
				CLANG_WARN__DUPLICATE_METHOD_MATCH = YES;
				"CODE_SIGN_IDENTITY[sdk=iphoneos*]" = "iPhone Developer";
				COPY_PHASE_STRIP = YES;
				ENABLE_NS_ASSERTIONS = NO;
				GCC_C_LANGUAGE_STANDARD = gnu99;
				GCC_WARN_64_TO_32_BIT_CONVERSION = YES;
				GCC_WARN_ABOUT_RETURN_TYPE = YES_ERROR;
				GCC_WARN_UNDECLARED_SELECTOR = YES;
				GCC_WARN_UNINITIALIZED_AUTOS = YES_AGGRESSIVE;
				GCC_WARN_UNUSED_FUNCTION = YES;
				GCC_WARN_UNUSED_VARIABLE = YES;
				IPHONEOS_DEPLOYMENT_TARGET = 7.1;
				PODS_ROOT = "${SRCROOT}/Pods";
				SDKROOT = iphoneos;
				VALIDATE_PRODUCT = YES;
			};
			name = Release;
		};
		BD5CCD4E191EBB1A00CD7D3E /* Debug */ = {
			isa = XCBuildConfiguration;
			baseConfigurationReference = FDC1EADB2C4B4368A4896EE9 /* Pods.xcconfig */;
			buildSettings = {
				ASSETCATALOG_COMPILER_APPICON_NAME = AppIcon;
				ASSETCATALOG_COMPILER_LAUNCHIMAGE_NAME = LaunchImage;
				GCC_PRECOMPILE_PREFIX_HEADER = YES;
				GCC_PREFIX_HEADER = "CVNKenBurnsImageViewDemo/CVNKenBurnsImageViewDemo-Prefix.pch";
				INFOPLIST_FILE = "CVNKenBurnsImageViewDemo/CVNKenBurnsImageViewDemo-Info.plist";
				PRODUCT_NAME = "$(TARGET_NAME)";
				WRAPPER_EXTENSION = app;
			};
			name = Debug;
		};
		BD5CCD4F191EBB1A00CD7D3E /* Release */ = {
			isa = XCBuildConfiguration;
			baseConfigurationReference = FDC1EADB2C4B4368A4896EE9 /* Pods.xcconfig */;
			buildSettings = {
				ASSETCATALOG_COMPILER_APPICON_NAME = AppIcon;
				ASSETCATALOG_COMPILER_LAUNCHIMAGE_NAME = LaunchImage;
				GCC_PRECOMPILE_PREFIX_HEADER = YES;
				GCC_PREFIX_HEADER = "CVNKenBurnsImageViewDemo/CVNKenBurnsImageViewDemo-Prefix.pch";
				INFOPLIST_FILE = "CVNKenBurnsImageViewDemo/CVNKenBurnsImageViewDemo-Info.plist";
				PRODUCT_NAME = "$(TARGET_NAME)";
				WRAPPER_EXTENSION = app;
			};
			name = Release;
		};
		BD5CCD51191EBB1A00CD7D3E /* Debug */ = {
			isa = XCBuildConfiguration;
			baseConfigurationReference = FDC1EADB2C4B4368A4896EE9 /* Pods.xcconfig */;
			buildSettings = {
				BUNDLE_LOADER = "$(BUILT_PRODUCTS_DIR)/CVNKenBurnsImageViewDemo.app/CVNKenBurnsImageViewDemo";
				FRAMEWORK_SEARCH_PATHS = (
					"$(SDKROOT)/Developer/Library/Frameworks",
					"$(inherited)",
					"$(DEVELOPER_FRAMEWORKS_DIR)",
				);
				GCC_PRECOMPILE_PREFIX_HEADER = YES;
				GCC_PREFIX_HEADER = "CVNKenBurnsImageViewDemo/CVNKenBurnsImageViewDemo-Prefix.pch";
				GCC_PREPROCESSOR_DEFINITIONS = (
					"DEBUG=1",
					"$(inherited)",
				);
				INFOPLIST_FILE = "CVNKenBurnsImageViewDemoTests/CVNKenBurnsImageViewDemoTests-Info.plist";
				LIBRARY_SEARCH_PATHS = (
					"$(inherited)",
					"$(PROJECT_DIR)/Pods/build/Debug-iphoneos",
				);
				PODS_ROOT = "${SRCROOT}/Pods";
				PRODUCT_NAME = "$(TARGET_NAME)";
				TEST_HOST = "$(BUNDLE_LOADER)";
				WRAPPER_EXTENSION = xctest;
			};
			name = Debug;
		};
		BD5CCD52191EBB1A00CD7D3E /* Release */ = {
			isa = XCBuildConfiguration;
			baseConfigurationReference = FDC1EADB2C4B4368A4896EE9 /* Pods.xcconfig */;
			buildSettings = {
				BUNDLE_LOADER = "$(BUILT_PRODUCTS_DIR)/CVNKenBurnsImageViewDemo.app/CVNKenBurnsImageViewDemo";
				FRAMEWORK_SEARCH_PATHS = (
					"$(SDKROOT)/Developer/Library/Frameworks",
					"$(inherited)",
					"$(DEVELOPER_FRAMEWORKS_DIR)",
				);
				GCC_PRECOMPILE_PREFIX_HEADER = YES;
				GCC_PREFIX_HEADER = "CVNKenBurnsImageViewDemo/CVNKenBurnsImageViewDemo-Prefix.pch";
				INFOPLIST_FILE = "CVNKenBurnsImageViewDemoTests/CVNKenBurnsImageViewDemoTests-Info.plist";
				LIBRARY_SEARCH_PATHS = (
					"$(inherited)",
					"$(PROJECT_DIR)/Pods/build/Debug-iphoneos",
				);
				PODS_ROOT = "${SRCROOT}/Pods";
				PRODUCT_NAME = "$(TARGET_NAME)";
				TEST_HOST = "$(BUNDLE_LOADER)";
				WRAPPER_EXTENSION = xctest;
			};
			name = Release;
		};
/* End XCBuildConfiguration section */

/* Begin XCConfigurationList section */
		BD5CCD16191EBB1900CD7D3E /* Build configuration list for PBXProject "CVNKenBurnsImageViewDemo" */ = {
			isa = XCConfigurationList;
			buildConfigurations = (
				BD5CCD4B191EBB1A00CD7D3E /* Debug */,
				BD5CCD4C191EBB1A00CD7D3E /* Release */,
			);
			defaultConfigurationIsVisible = 0;
			defaultConfigurationName = Release;
		};
		BD5CCD4D191EBB1A00CD7D3E /* Build configuration list for PBXNativeTarget "CVNKenBurnsImageViewDemo" */ = {
			isa = XCConfigurationList;
			buildConfigurations = (
				BD5CCD4E191EBB1A00CD7D3E /* Debug */,
				BD5CCD4F191EBB1A00CD7D3E /* Release */,
			);
			defaultConfigurationIsVisible = 0;
			defaultConfigurationName = Release;
		};
		BD5CCD50191EBB1A00CD7D3E /* Build configuration list for PBXNativeTarget "CVNKenBurnsImageViewDemoTests" */ = {
			isa = XCConfigurationList;
			buildConfigurations = (
				BD5CCD51191EBB1A00CD7D3E /* Debug */,
				BD5CCD52191EBB1A00CD7D3E /* Release */,
			);
			defaultConfigurationIsVisible = 0;
			defaultConfigurationName = Release;
		};
/* End XCConfigurationList section */
	};
	rootObject = BD5CCD13191EBB1900CD7D3E /* Project object */;
}
